
Microsoft Visual Studio Solution File, Format Version 12.00
Project("{FAE04EC0-301F-11D3-BF4B-00C04F79EFBC}") = "TelegramBots", "TelegramBots\TelegramBots.csproj", "{A98EF39F-FF36-4010-A1F3-DF47EA1A0285}"
EndProject
Global
	GlobalSection(SolutionConfigurationPlatforms) = preSolution
		Debug|Any CPU = Debug|Any CPU
		Release|Any CPU = Release|Any CPU
	EndGlobalSection
	GlobalSection(ProjectConfigurationPlatforms) = postSolution
		{A98EF39F-FF36-4010-A1F3-DF47EA1A0285}.Debug|Any CPU.ActiveCfg = Debug|Any CPU
		{A98EF39F-FF36-4010-A1F3-DF47EA1A0285}.Debug|Any CPU.Build.0 = Debug|Any CPU
		{A98EF39F-FF36-4010-A1F3-DF47EA1A0285}.Release|Any CPU.ActiveCfg = Release|Any CPU
		{A98EF39F-FF36-4010-A1F3-DF47EA1A0285}.Release|Any CPU.Build.0 = Release|Any CPU
	EndGlobalSection
EndGlobal
